
Microsoft Visual Studio Solution File, Format Version 12.00
# Visual Studio Version 17
VisualStudioVersion = 17.10.35013.160
MinimumVisualStudioVersion = 10.0.40219.1
Project("{FAE04EC0-301F-11D3-BF4B-00C04F79EFBC}") = "L3_Calculator", "L3_Calculator.csproj", "{03A44D6D-6B3B-44F9-9E59-210BDBB29F92}"
EndProject
Global
	GlobalSection(SolutionConfigurationPlatforms) = preSolution
		Debug|Any CPU = Debug|Any CPU
		Release|Any CPU = Release|Any CPU
	EndGlobalSection
	GlobalSection(ProjectConfigurationPlatforms) = postSolution
		{03A44D6D-6B3B-44F9-9E59-210BDBB29F92}.Debug|Any CPU.ActiveCfg = Debug|Any CPU
		{03A44D6D-6B3B-44F9-9E59-210BDBB29F92}.Debug|Any CPU.Build.0 = Debug|Any CPU
		{03A44D6D-6B3B-44F9-9E59-210BDBB29F92}.Release|Any CPU.ActiveCfg = Release|Any CPU
		{03A44D6D-6B3B-44F9-9E59-210BDBB29F92}.Release|Any CPU.Build.0 = Release|Any CPU
	EndGlobalSection
	GlobalSection(SolutionProperties) = preSolution
		HideSolutionNode = FALSE
	EndGlobalSection
	GlobalSection(ExtensibilityGlobals) = postSolution
		SolutionGuid = {3F3D6B2B-15A1-4176-906D-6F19C0973CAF}
	EndGlobalSection
EndGlobal
